
Microsoft Visual Studio Solution File, Format Version 12.00
# Visual Studio Version 16
VisualStudioVersion = 16.0.31229.75
MinimumVisualStudioVersion = 10.0.40219.1
Project("{FAE04EC0-301F-11D3-BF4B-00C04F79EFBC}") = "recipes.Android", "recipes.Android\recipes.Android.csproj", "{B87FF2FF-F46E-41CB-8445-8BBCB3C913AE}"
EndProject
Project("{FAE04EC0-301F-11D3-BF4B-00C04F79EFBC}") = "recipes.iOS", "recipes.iOS\recipes.iOS.csproj", "{45D7F802-A94F-4018-9286-C3FC83A4002F}"
EndProject
Project("{FAE04EC0-301F-11D3-BF4B-00C04F79EFBC}") = "recipes", "recipes\recipes.csproj", "{FE1AF915-CEBF-4A94-B386-46692C57FF1E}"
EndProject
Global
	GlobalSection(SolutionConfigurationPlatforms) = preSolution
		Debug|Any CPU = Debug|Any CPU
		Debug|iPhone = Debug|iPhone
		Debug|iPhoneSimulator = Debug|iPhoneSimulator
		Release|Any CPU = Release|Any CPU
		Release|iPhone = Release|iPhone
		Release|iPhoneSimulator = Release|iPhoneSimulator
	EndGlobalSection
	GlobalSection(ProjectConfigurationPlatforms) = postSolution
		{B87FF2FF-F46E-41CB-8445-8BBCB3C913AE}.Debug|Any CPU.ActiveCfg = Debug|Any CPU
		{B87FF2FF-F46E-41CB-8445-8BBCB3C913AE}.Debug|Any CPU.Build.0 = Debug|Any CPU
		{B87FF2FF-F46E-41CB-8445-8BBCB3C913AE}.Debug|Any CPU.Deploy.0 = Debug|Any CPU
		{B87FF2FF-F46E-41CB-8445-8BBCB3C913AE}.Debug|iPhone.ActiveCfg = Debug|Any CPU
		{B87FF2FF-F46E-41CB-8445-8BBCB3C913AE}.Debug|iPhone.Build.0 = Debug|Any CPU
		{B87FF2FF-F46E-41CB-8445-8BBCB3C913AE}.Debug|iPhone.Deploy.0 = Debug|Any CPU
		{B87FF2FF-F46E-41CB-8445-8BBCB3C913AE}.Debug|iPhoneSimulator.ActiveCfg = Debug|Any CPU
		{B87FF2FF-F46E-41CB-8445-8BBCB3C913AE}.Debug|iPhoneSimulator.Build.0 = Debug|Any CPU
		{B87FF2FF-F46E-41CB-8445-8BBCB3C913AE}.Debug|iPhoneSimulator.Deploy.0 = Debug|Any CPU
		{B87FF2FF-F46E-41CB-8445-8BBCB3C913AE}.Release|Any CPU.ActiveCfg = Release|Any CPU
		{B87FF2FF-F46E-41CB-8445-8BBCB3C913AE}.Release|Any CPU.Build.0 = Release|Any CPU
		{B87FF2FF-F46E-41CB-8445-8BBCB3C913AE}.Release|Any CPU.Deploy.0 = Release|Any CPU
		{B87FF2FF-F46E-41CB-8445-8BBCB3C913AE}.Release|iPhone.ActiveCfg = Release|Any CPU
		{B87FF2FF-F46E-41CB-8445-8BBCB3C913AE}.Release|iPhone.Build.0 = Release|Any CPU
		{B87FF2FF-F46E-41CB-8445-8BBCB3C913AE}.Release|iPhone.Deploy.0 = Release|Any CPU
		{B87FF2FF-F46E-41CB-8445-8BBCB3C913AE}.Release|iPhoneSimulator.ActiveCfg = Release|Any CPU
		{B87FF2FF-F46E-41CB-8445-8BBCB3C913AE}.Release|iPhoneSimulator.Build.0 = Release|Any CPU
		{B87FF2FF-F46E-41CB-8445-8BBCB3C913AE}.Release|iPhoneSimulator.Deploy.0 = Release|Any CPU
		{45D7F802-A94F-4018-9286-C3FC83A4002F}.Debug|Any CPU.ActiveCfg = Debug|iPhone
		{45D7F802-A94F-4018-9286-C3FC83A4002F}.Debug|Any CPU.Build.0 = Debug|iPhone
		{45D7F802-A94F-4018-9286-C3FC83A4002F}.Debug|Any CPU.Deploy.0 = Debug|iPhone
		{45D7F802-A94F-4018-9286-C3FC83A4002F}.Debug|iPhone.ActiveCfg = Debug|iPhone
		{45D7F802-A94F-4018-9286-C3FC83A4002F}.Debug|iPhone.Build.0 = Debug|iPhone
		{45D7F802-A94F-4018-9286-C3FC83A4002F}.Debug|iPhone.Deploy.0 = Debug|iPhone
		{45D7F802-A94F-4018-9286-C3FC83A4002F}.Debug|iPhoneSimulator.ActiveCfg = Debug|iPhoneSimulator
		{45D7F802-A94F-4018-9286-C3FC83A4002F}.Debug|iPhoneSimulator.Build.0 = Debug|iPhoneSimulator
		{45D7F802-A94F-4018-9286-C3FC83A4002F}.Debug|iPhoneSimulator.Deploy.0 = Debug|iPhoneSimulator
		{45D7F802-A94F-4018-9286-C3FC83A4002F}.Release|Any CPU.ActiveCfg = Release|iPhoneSimulator
		{45D7F802-A94F-4018-9286-C3FC83A4002F}.Release|Any CPU.Build.0 = Release|iPhoneSimulator
		{45D7F802-A94F-4018-9286-C3FC83A4002F}.Release|Any CPU.Deploy.0 = Release|iPhoneSimulator
		{45D7F802-A94F-4018-9286-C3FC83A4002F}.Release|iPhone.ActiveCfg = Release|iPhone
		{45D7F802-A94F-4018-9286-C3FC83A4002F}.Release|iPhone.Build.0 = Release|iPhone
		{45D7F802-A94F-4018-9286-C3FC83A4002F}.Release|iPhone.Deploy.0 = Release|iPhone
		{45D7F802-A94F-4018-9286-C3FC83A4002F}.Release|iPhoneSimulator.ActiveCfg = Release|iPhoneSimulator
		{45D7F802-A94F-4018-9286-C3FC83A4002F}.Release|iPhoneSimulator.Build.0 = Release|iPhoneSimulator
		{45D7F802-A94F-4018-9286-C3FC83A4002F}.Release|iPhoneSimulator.Deploy.0 = Release|iPhoneSimulator
		{FE1AF915-CEBF-4A94-B386-46692C57FF1E}.Debug|Any CPU.ActiveCfg = Debug|Any CPU
		{FE1AF915-CEBF-4A94-B386-46692C57FF1E}.Debug|Any CPU.Build.0 = Debug|Any CPU
		{FE1AF915-CEBF-4A94-B386-46692C57FF1E}.Debug|Any CPU.Deploy.0 = Debug|Any CPU
		{FE1AF915-CEBF-4A94-B386-46692C57FF1E}.Debug|iPhone.ActiveCfg = Debug|Any CPU
		{FE1AF915-CEBF-4A94-B386-46692C57FF1E}.Debug|iPhone.Build.0 = Debug|Any CPU
		{FE1AF915-CEBF-4A94-B386-46692C57FF1E}.Debug|iPhone.Deploy.0 = Debug|Any CPU
		{FE1AF915-CEBF-4A94-B386-46692C57FF1E}.Debug|iPhoneSimulator.ActiveCfg = Debug|Any CPU
		{FE1AF915-CEBF-4A94-B386-46692C57FF1E}.Debug|iPhoneSimulator.Build.0 = Debug|Any CPU
		{FE1AF915-CEBF-4A94-B386-46692C57FF1E}.Debug|iPhoneSimulator.Deploy.0 = Debug|Any CPU
		{FE1AF915-CEBF-4A94-B386-46692C57FF1E}.Release|Any CPU.ActiveCfg = Release|Any CPU
		{FE1AF915-CEBF-4A94-B386-46692C57FF1E}.Release|Any CPU.Build.0 = Release|Any CPU
		{FE1AF915-CEBF-4A94-B386-46692C57FF1E}.Release|Any CPU.Deploy.0 = Release|Any CPU
		{FE1AF915-CEBF-4A94-B386-46692C57FF1E}.Release|iPhone.ActiveCfg = Release|Any CPU
		{FE1AF915-CEBF-4A94-B386-46692C57FF1E}.Release|iPhone.Build.0 = Release|Any CPU
		{FE1AF915-CEBF-4A94-B386-46692C57FF1E}.Release|iPhone.Deploy.0 = Release|Any CPU
		{FE1AF915-CEBF-4A94-B386-46692C57FF1E}.Release|iPhoneSimulator.ActiveCfg = Release|Any CPU
		{FE1AF915-CEBF-4A94-B386-46692C57FF1E}.Release|iPhoneSimulator.Build.0 = Release|Any CPU
		{FE1AF915-CEBF-4A94-B386-46692C57FF1E}.Release|iPhoneSimulator.Deploy.0 = Release|Any CPU
	EndGlobalSection
	GlobalSection(SolutionProperties) = preSolution
		HideSolutionNode = FALSE
	EndGlobalSection
	GlobalSection(ExtensibilityGlobals) = postSolution
		SolutionGuid = {F780E161-FA7F-461D-A01E-E306F2DD57DF}
	EndGlobalSection
EndGlobal
